<?xml version="1.0" encoding="utf-8"?>
<Project ToolsVersion="16.0" xmlns="http://schemas.microsoft.com/developer/msbuild/2003">
  <ItemGroup>
    <CustomBuild Include="C:\Users\Zach\OneDrive\Documents\GitHub\lab1\2_invadersBuild\CMakeFiles\8107c452bce1beef1fa544424cd14ffa\INSTALL_force.rule">
      <Filter>CMake Rules</Filter>
    </CustomBuild>
  </ItemGroup>
  <ItemGroup>
    <Filter Include="CMake Rules">
      <UniqueIdentifier>{9CD6B94F-6A1B-3E4B-B3B5-83396F20AE0F}</UniqueIdentifier>
    </Filter>
  </ItemGroup>
</Project>
