
Microsoft Visual Studio Solution File, Format Version 12.00
# Visual Studio Version 16
Project("{2150E333-8FDC-42A3-9474-1A3956D46DE8}") = "CMake", "CMake", "{274772A4-D884-3C99-9714-764B9D54FBB9}"
EndProject
Project("{2150E333-8FDC-42A3-9474-1A3956D46DE8}") = "SFML", "SFML", "{5B63A3A8-3EE4-3C60-A35F-4A839945EBCE}"
EndProject
Project("{8BC9CEB8-8B4A-11D0-8D11-00A0C91BC942}") = "ALL_BUILD", "ALL_BUILD.vcxproj", "{6AA2209B-60BE-3432-B481-3130869A865A}"
	ProjectSection(ProjectDependencies) = postProject
		{A0CC777A-60BA-3C08-9B8C-9CD05514BA1B} = {A0CC777A-60BA-3C08-9B8C-9CD05514BA1B}
		{742E60AD-61EB-3CC8-BEF3-68C7908FEDA9} = {742E60AD-61EB-3CC8-BEF3-68C7908FEDA9}
		{66951387-F577-3FCD-9BBB-3F50B5D3E021} = {66951387-F577-3FCD-9BBB-3F50B5D3E021}
		{6F9E5CC2-60EA-333F-9DE4-92D5674135D0} = {6F9E5CC2-60EA-333F-9DE4-92D5674135D0}
		{08B68A77-5DDC-39FB-8FB5-CF9FDE1B756E} = {08B68A77-5DDC-39FB-8FB5-CF9FDE1B756E}
		{E9250CDF-065D-3C54-82C8-926804B233FF} = {E9250CDF-065D-3C54-82C8-926804B233FF}
		{175FCC7D-DF26-3824-B3A7-8AC30A4DA636} = {175FCC7D-DF26-3824-B3A7-8AC30A4DA636}
		{EA3BE253-FDFB-3590-9094-E81CE4325B92} = {EA3BE253-FDFB-3590-9094-E81CE4325B92}
	EndProjectSection
EndProject
Project("{8BC9CEB8-8B4A-11D0-8D11-00A0C91BC942}") = "INSTALL", "INSTALL.vcxproj", "{35FB73CD-764E-3305-A4AD-6C75E9D64014}"
	ProjectSection(ProjectDependencies) = postProject
		{6AA2209B-60BE-3432-B481-3130869A865A} = {6AA2209B-60BE-3432-B481-3130869A865A}
		{742E60AD-61EB-3CC8-BEF3-68C7908FEDA9} = {742E60AD-61EB-3CC8-BEF3-68C7908FEDA9}
	EndProjectSection
EndProject
Project("{8BC9CEB8-8B4A-11D0-8D11-00A0C91BC942}") = "PRACTICAL_1", "PRACTICAL_1.vcxproj", "{A0CC777A-60BA-3C08-9B8C-9CD05514BA1B}"
	ProjectSection(ProjectDependencies) = postProject
		{742E60AD-61EB-3CC8-BEF3-68C7908FEDA9} = {742E60AD-61EB-3CC8-BEF3-68C7908FEDA9}
		{6F9E5CC2-60EA-333F-9DE4-92D5674135D0} = {6F9E5CC2-60EA-333F-9DE4-92D5674135D0}
		{175FCC7D-DF26-3824-B3A7-8AC30A4DA636} = {175FCC7D-DF26-3824-B3A7-8AC30A4DA636}
		{EA3BE253-FDFB-3590-9094-E81CE4325B92} = {EA3BE253-FDFB-3590-9094-E81CE4325B92}
	EndProjectSection
EndProject
Project("{8BC9CEB8-8B4A-11D0-8D11-00A0C91BC942}") = "ZERO_CHECK", "ZERO_CHECK.vcxproj", "{742E60AD-61EB-3CC8-BEF3-68C7908FEDA9}"
	ProjectSection(ProjectDependencies) = postProject
	EndProjectSection
EndProject
Project("{8BC9CEB8-8B4A-11D0-8D11-00A0C91BC942}") = "sfml-audio", "lib\sfml\src\SFML\Audio\sfml-audio.vcxproj", "{66951387-F577-3FCD-9BBB-3F50B5D3E021}"
	ProjectSection(ProjectDependencies) = postProject
		{742E60AD-61EB-3CC8-BEF3-68C7908FEDA9} = {742E60AD-61EB-3CC8-BEF3-68C7908FEDA9}
		{175FCC7D-DF26-3824-B3A7-8AC30A4DA636} = {175FCC7D-DF26-3824-B3A7-8AC30A4DA636}
	EndProjectSection
EndProject
Project("{8BC9CEB8-8B4A-11D0-8D11-00A0C91BC942}") = "sfml-graphics", "lib\sfml\src\SFML\Graphics\sfml-graphics.vcxproj", "{6F9E5CC2-60EA-333F-9DE4-92D5674135D0}"
	ProjectSection(ProjectDependencies) = postProject
		{742E60AD-61EB-3CC8-BEF3-68C7908FEDA9} = {742E60AD-61EB-3CC8-BEF3-68C7908FEDA9}
		{175FCC7D-DF26-3824-B3A7-8AC30A4DA636} = {175FCC7D-DF26-3824-B3A7-8AC30A4DA636}
		{EA3BE253-FDFB-3590-9094-E81CE4325B92} = {EA3BE253-FDFB-3590-9094-E81CE4325B92}
	EndProjectSection
EndProject
Project("{8BC9CEB8-8B4A-11D0-8D11-00A0C91BC942}") = "sfml-main", "lib\sfml\src\SFML\Main\sfml-main.vcxproj", "{08B68A77-5DDC-39FB-8FB5-CF9FDE1B756E}"
	ProjectSection(ProjectDependencies) = postProject
		{742E60AD-61EB-3CC8-BEF3-68C7908FEDA9} = {742E60AD-61EB-3CC8-BEF3-68C7908FEDA9}
	EndProjectSection
EndProject
Project("{8BC9CEB8-8B4A-11D0-8D11-00A0C91BC942}") = "sfml-network", "lib\sfml\src\SFML\Network\sfml-network.vcxproj", "{E9250CDF-065D-3C54-82C8-926804B233FF}"
	ProjectSection(ProjectDependencies) = postProject
		{742E60AD-61EB-3CC8-BEF3-68C7908FEDA9} = {742E60AD-61EB-3CC8-BEF3-68C7908FEDA9}
		{175FCC7D-DF26-3824-B3A7-8AC30A4DA636} = {175FCC7D-DF26-3824-B3A7-8AC30A4DA636}
	EndProjectSection
EndProject
Project("{8BC9CEB8-8B4A-11D0-8D11-00A0C91BC942}") = "sfml-system", "lib\sfml\src\SFML\System\sfml-system.vcxproj", "{175FCC7D-DF26-3824-B3A7-8AC30A4DA636}"
	ProjectSection(ProjectDependencies) = postProject
		{742E60AD-61EB-3CC8-BEF3-68C7908FEDA9} = {742E60AD-61EB-3CC8-BEF3-68C7908FEDA9}
	EndProjectSection
EndProject
Project("{8BC9CEB8-8B4A-11D0-8D11-00A0C91BC942}") = "sfml-window", "lib\sfml\src\SFML\Window\sfml-window.vcxproj", "{EA3BE253-FDFB-3590-9094-E81CE4325B92}"
	ProjectSection(ProjectDependencies) = postProject
		{742E60AD-61EB-3CC8-BEF3-68C7908FEDA9} = {742E60AD-61EB-3CC8-BEF3-68C7908FEDA9}
		{175FCC7D-DF26-3824-B3A7-8AC30A4DA636} = {175FCC7D-DF26-3824-B3A7-8AC30A4DA636}
	EndProjectSection
EndProject
Global
	GlobalSection(SolutionConfigurationPlatforms) = preSolution
		Debug|x64 = Debug|x64
		Release|x64 = Release|x64
		MinSizeRel|x64 = MinSizeRel|x64
		RelWithDebInfo|x64 = RelWithDebInfo|x64
	EndGlobalSection
	GlobalSection(ProjectConfigurationPlatforms) = postSolution
		{6AA2209B-60BE-3432-B481-3130869A865A}.Debug|x64.ActiveCfg = Debug|x64
		{6AA2209B-60BE-3432-B481-3130869A865A}.Debug|x64.Build.0 = Debug|x64
		{6AA2209B-60BE-3432-B481-3130869A865A}.Release|x64.ActiveCfg = Release|x64
		{6AA2209B-60BE-3432-B481-3130869A865A}.Release|x64.Build.0 = Release|x64
		{6AA2209B-60BE-3432-B481-3130869A865A}.MinSizeRel|x64.ActiveCfg = MinSizeRel|x64
		{6AA2209B-60BE-3432-B481-3130869A865A}.MinSizeRel|x64.Build.0 = MinSizeRel|x64
		{6AA2209B-60BE-3432-B481-3130869A865A}.RelWithDebInfo|x64.ActiveCfg = RelWithDebInfo|x64
		{6AA2209B-60BE-3432-B481-3130869A865A}.RelWithDebInfo|x64.Build.0 = RelWithDebInfo|x64
		{35FB73CD-764E-3305-A4AD-6C75E9D64014}.Debug|x64.ActiveCfg = Debug|x64
		{35FB73CD-764E-3305-A4AD-6C75E9D64014}.Release|x64.ActiveCfg = Release|x64
		{35FB73CD-764E-3305-A4AD-6C75E9D64014}.MinSizeRel|x64.ActiveCfg = MinSizeRel|x64
		{35FB73CD-764E-3305-A4AD-6C75E9D64014}.RelWithDebInfo|x64.ActiveCfg = RelWithDebInfo|x64
		{A0CC777A-60BA-3C08-9B8C-9CD05514BA1B}.Debug|x64.ActiveCfg = Debug|x64
		{A0CC777A-60BA-3C08-9B8C-9CD05514BA1B}.Debug|x64.Build.0 = Debug|x64
		{A0CC777A-60BA-3C08-9B8C-9CD05514BA1B}.Release|x64.ActiveCfg = Release|x64
		{A0CC777A-60BA-3C08-9B8C-9CD05514BA1B}.Release|x64.Build.0 = Release|x64
		{A0CC777A-60BA-3C08-9B8C-9CD05514BA1B}.MinSizeRel|x64.ActiveCfg = MinSizeRel|x64
		{A0CC777A-60BA-3C08-9B8C-9CD05514BA1B}.MinSizeRel|x64.Build.0 = MinSizeRel|x64
		{A0CC777A-60BA-3C08-9B8C-9CD05514BA1B}.RelWithDebInfo|x64.ActiveCfg = RelWithDebInfo|x64
		{A0CC777A-60BA-3C08-9B8C-9CD05514BA1B}.RelWithDebInfo|x64.Build.0 = RelWithDebInfo|x64
		{742E60AD-61EB-3CC8-BEF3-68C7908FEDA9}.Debug|x64.ActiveCfg = Debug|x64
		{742E60AD-61EB-3CC8-BEF3-68C7908FEDA9}.Debug|x64.Build.0 = Debug|x64
		{742E60AD-61EB-3CC8-BEF3-68C7908FEDA9}.Release|x64.ActiveCfg = Release|x64
		{742E60AD-61EB-3CC8-BEF3-68C7908FEDA9}.Release|x64.Build.0 = Release|x64
		{742E60AD-61EB-3CC8-BEF3-68C7908FEDA9}.MinSizeRel|x64.ActiveCfg = MinSizeRel|x64
		{742E60AD-61EB-3CC8-BEF3-68C7908FEDA9}.MinSizeRel|x64.Build.0 = MinSizeRel|x64
		{742E60AD-61EB-3CC8-BEF3-68C7908FEDA9}.RelWithDebInfo|x64.ActiveCfg = RelWithDebInfo|x64
		{742E60AD-61EB-3CC8-BEF3-68C7908FEDA9}.RelWithDebInfo|x64.Build.0 = RelWithDebInfo|x64
		{66951387-F577-3FCD-9BBB-3F50B5D3E021}.Debug|x64.ActiveCfg = Debug|x64
		{66951387-F577-3FCD-9BBB-3F50B5D3E021}.Debug|x64.Build.0 = Debug|x64
		{66951387-F577-3FCD-9BBB-3F50B5D3E021}.Release|x64.ActiveCfg = Release|x64
		{66951387-F577-3FCD-9BBB-3F50B5D3E021}.Release|x64.Build.0 = Release|x64
		{66951387-F577-3FCD-9BBB-3F50B5D3E021}.MinSizeRel|x64.ActiveCfg = MinSizeRel|x64
		{66951387-F577-3FCD-9BBB-3F50B5D3E021}.MinSizeRel|x64.Build.0 = MinSizeRel|x64
		{66951387-F577-3FCD-9BBB-3F50B5D3E021}.RelWithDebInfo|x64.ActiveCfg = RelWithDebInfo|x64
		{66951387-F577-3FCD-9BBB-3F50B5D3E021}.RelWithDebInfo|x64.Build.0 = RelWithDebInfo|x64
		{6F9E5CC2-60EA-333F-9DE4-92D5674135D0}.Debug|x64.ActiveCfg = Debug|x64
		{6F9E5CC2-60EA-333F-9DE4-92D5674135D0}.Debug|x64.Build.0 = Debug|x64
		{6F9E5CC2-60EA-333F-9DE4-92D5674135D0}.Release|x64.ActiveCfg = Release|x64
		{6F9E5CC2-60EA-333F-9DE4-92D5674135D0}.Release|x64.Build.0 = Release|x64
		{6F9E5CC2-60EA-333F-9DE4-92D5674135D0}.MinSizeRel|x64.ActiveCfg = MinSizeRel|x64
		{6F9E5CC2-60EA-333F-9DE4-92D5674135D0}.MinSizeRel|x64.Build.0 = MinSizeRel|x64
		{6F9E5CC2-60EA-333F-9DE4-92D5674135D0}.RelWithDebInfo|x64.ActiveCfg = RelWithDebInfo|x64
		{6F9E5CC2-60EA-333F-9DE4-92D5674135D0}.RelWithDebInfo|x64.Build.0 = RelWithDebInfo|x64
		{08B68A77-5DDC-39FB-8FB5-CF9FDE1B756E}.Debug|x64.ActiveCfg = Debug|x64
		{08B68A77-5DDC-39FB-8FB5-CF9FDE1B756E}.Debug|x64.Build.0 = Debug|x64
		{08B68A77-5DDC-39FB-8FB5-CF9FDE1B756E}.Release|x64.ActiveCfg = Release|x64
		{08B68A77-5DDC-39FB-8FB5-CF9FDE1B756E}.Release|x64.Build.0 = Release|x64
		{08B68A77-5DDC-39FB-8FB5-CF9FDE1B756E}.MinSizeRel|x64.ActiveCfg = MinSizeRel|x64
		{08B68A77-5DDC-39FB-8FB5-CF9FDE1B756E}.MinSizeRel|x64.Build.0 = MinSizeRel|x64
		{08B68A77-5DDC-39FB-8FB5-CF9FDE1B756E}.RelWithDebInfo|x64.ActiveCfg = RelWithDebInfo|x64
		{08B68A77-5DDC-39FB-8FB5-CF9FDE1B756E}.RelWithDebInfo|x64.Build.0 = RelWithDebInfo|x64
		{E9250CDF-065D-3C54-82C8-926804B233FF}.Debug|x64.ActiveCfg = Debug|x64
		{E9250CDF-065D-3C54-82C8-926804B233FF}.Debug|x64.Build.0 = Debug|x64
		{E9250CDF-065D-3C54-82C8-926804B233FF}.Release|x64.ActiveCfg = Release|x64
		{E9250CDF-065D-3C54-82C8-926804B233FF}.Release|x64.Build.0 = Release|x64
		{E9250CDF-065D-3C54-82C8-926804B233FF}.MinSizeRel|x64.ActiveCfg = MinSizeRel|x64
		{E9250CDF-065D-3C54-82C8-926804B233FF}.MinSizeRel|x64.Build.0 = MinSizeRel|x64
		{E9250CDF-065D-3C54-82C8-926804B233FF}.RelWithDebInfo|x64.ActiveCfg = RelWithDebInfo|x64
		{E9250CDF-065D-3C54-82C8-926804B233FF}.RelWithDebInfo|x64.Build.0 = RelWithDebInfo|x64
		{175FCC7D-DF26-3824-B3A7-8AC30A4DA636}.Debug|x64.ActiveCfg = Debug|x64
		{175FCC7D-DF26-3824-B3A7-8AC30A4DA636}.Debug|x64.Build.0 = Debug|x64
		{175FCC7D-DF26-3824-B3A7-8AC30A4DA636}.Release|x64.ActiveCfg = Release|x64
		{175FCC7D-DF26-3824-B3A7-8AC30A4DA636}.Release|x64.Build.0 = Release|x64
		{175FCC7D-DF26-3824-B3A7-8AC30A4DA636}.MinSizeRel|x64.ActiveCfg = MinSizeRel|x64
		{175FCC7D-DF26-3824-B3A7-8AC30A4DA636}.MinSizeRel|x64.Build.0 = MinSizeRel|x64
		{175FCC7D-DF26-3824-B3A7-8AC30A4DA636}.RelWithDebInfo|x64.ActiveCfg = RelWithDebInfo|x64
		{175FCC7D-DF26-3824-B3A7-8AC30A4DA636}.RelWithDebInfo|x64.Build.0 = RelWithDebInfo|x64
		{EA3BE253-FDFB-3590-9094-E81CE4325B92}.Debug|x64.ActiveCfg = Debug|x64
		{EA3BE253-FDFB-3590-9094-E81CE4325B92}.Debug|x64.Build.0 = Debug|x64
		{EA3BE253-FDFB-3590-9094-E81CE4325B92}.Release|x64.ActiveCfg = Release|x64
		{EA3BE253-FDFB-3590-9094-E81CE4325B92}.Release|x64.Build.0 = Release|x64
		{EA3BE253-FDFB-3590-9094-E81CE4325B92}.MinSizeRel|x64.ActiveCfg = MinSizeRel|x64
		{EA3BE253-FDFB-3590-9094-E81CE4325B92}.MinSizeRel|x64.Build.0 = MinSizeRel|x64
		{EA3BE253-FDFB-3590-9094-E81CE4325B92}.RelWithDebInfo|x64.ActiveCfg = RelWithDebInfo|x64
		{EA3BE253-FDFB-3590-9094-E81CE4325B92}.RelWithDebInfo|x64.Build.0 = RelWithDebInfo|x64
	EndGlobalSection
	GlobalSection(NestedProjects) = preSolution
		{6AA2209B-60BE-3432-B481-3130869A865A} = {274772A4-D884-3C99-9714-764B9D54FBB9}
		{35FB73CD-764E-3305-A4AD-6C75E9D64014} = {274772A4-D884-3C99-9714-764B9D54FBB9}
		{742E60AD-61EB-3CC8-BEF3-68C7908FEDA9} = {274772A4-D884-3C99-9714-764B9D54FBB9}
		{66951387-F577-3FCD-9BBB-3F50B5D3E021} = {5B63A3A8-3EE4-3C60-A35F-4A839945EBCE}
		{6F9E5CC2-60EA-333F-9DE4-92D5674135D0} = {5B63A3A8-3EE4-3C60-A35F-4A839945EBCE}
		{08B68A77-5DDC-39FB-8FB5-CF9FDE1B756E} = {5B63A3A8-3EE4-3C60-A35F-4A839945EBCE}
		{E9250CDF-065D-3C54-82C8-926804B233FF} = {5B63A3A8-3EE4-3C60-A35F-4A839945EBCE}
		{175FCC7D-DF26-3824-B3A7-8AC30A4DA636} = {5B63A3A8-3EE4-3C60-A35F-4A839945EBCE}
		{EA3BE253-FDFB-3590-9094-E81CE4325B92} = {5B63A3A8-3EE4-3C60-A35F-4A839945EBCE}
	EndGlobalSection
	GlobalSection(ExtensibilityGlobals) = postSolution
		SolutionGuid = {A83F0AB2-A6BE-3587-98BF-25C89A9DEF42}
	EndGlobalSection
	GlobalSection(ExtensibilityAddIns) = postSolution
	EndGlobalSection
EndGlobal
