<?xml version="1.0" encoding="utf-8"?>
<Project ToolsVersion="16.0" xmlns="http://schemas.microsoft.com/developer/msbuild/2003">
  <ItemGroup>
    <CustomBuild Include="C:\Users\Zach\OneDrive\Documents\GitHub\lab1\pratical1Build\CMakeFiles\d6b9c5568403b205cfc41eca4a89654f\generate.stamp.rule">
      <Filter>CMake Rules</Filter>
    </CustomBuild>
  </ItemGroup>
  <ItemGroup>
    <Filter Include="CMake Rules">
      <UniqueIdentifier>{CCAA1AEC-FBBF-383A-8D0E-5A14FDBD8F65}</UniqueIdentifier>
    </Filter>
  </ItemGroup>
</Project>
