
Microsoft Visual Studio Solution File, Format Version 12.00
# Visual Studio Version 16
Project("{2150E333-8FDC-42A3-9474-1A3956D46DE8}") = "CMake", "CMake", "{461DB005-F2C4-30F9-B1DF-3DDFD40355EB}"
EndProject
Project("{2150E333-8FDC-42A3-9474-1A3956D46DE8}") = "SFML", "SFML", "{BE0C351D-7FB7-35AB-B22C-CF22FE03E72C}"
EndProject
Project("{8BC9CEB8-8B4A-11D0-8D11-00A0C91BC942}") = "ALL_BUILD", "ALL_BUILD.vcxproj", "{A8044A59-5933-3CA7-9916-7DE79B15D3A8}"
	ProjectSection(ProjectDependencies) = postProject
		{C1A091D0-EB19-37C3-BC6D-485591C35DE8} = {C1A091D0-EB19-37C3-BC6D-485591C35DE8}
		{99F38236-1742-3654-8161-1E8DFED7DF59} = {99F38236-1742-3654-8161-1E8DFED7DF59}
		{9DB4956C-E236-30EF-8C89-31C926B7D653} = {9DB4956C-E236-30EF-8C89-31C926B7D653}
		{E8C585EC-51AC-32F2-9FD0-348DEC1B9FFF} = {E8C585EC-51AC-32F2-9FD0-348DEC1B9FFF}
		{598F72FA-377E-3AC9-BB46-5CE303FF8804} = {598F72FA-377E-3AC9-BB46-5CE303FF8804}
		{80A1F08D-EEA7-3CBD-B099-575CF0E47BB5} = {80A1F08D-EEA7-3CBD-B099-575CF0E47BB5}
		{429D0849-FFC2-3B5D-84A9-894BA01072AD} = {429D0849-FFC2-3B5D-84A9-894BA01072AD}
		{9F8FA23E-6803-36A6-ADDD-99E245A1DCBE} = {9F8FA23E-6803-36A6-ADDD-99E245A1DCBE}
		{33AF71E9-39AF-3FC4-9602-2F8D8162F376} = {33AF71E9-39AF-3FC4-9602-2F8D8162F376}
		{66E81731-3F83-3954-B9E8-9E376A9A24CB} = {66E81731-3F83-3954-B9E8-9E376A9A24CB}
		{4A34CC75-5E52-3C41-BD7C-E026355F8396} = {4A34CC75-5E52-3C41-BD7C-E026355F8396}
	EndProjectSection
EndProject
Project("{8BC9CEB8-8B4A-11D0-8D11-00A0C91BC942}") = "2_INVADERS", "2_INVADERS.vcxproj", "{C1A091D0-EB19-37C3-BC6D-485591C35DE8}"
	ProjectSection(ProjectDependencies) = postProject
		{E8C585EC-51AC-32F2-9FD0-348DEC1B9FFF} = {E8C585EC-51AC-32F2-9FD0-348DEC1B9FFF}
		{429D0849-FFC2-3B5D-84A9-894BA01072AD} = {429D0849-FFC2-3B5D-84A9-894BA01072AD}
		{66E81731-3F83-3954-B9E8-9E376A9A24CB} = {66E81731-3F83-3954-B9E8-9E376A9A24CB}
		{4A34CC75-5E52-3C41-BD7C-E026355F8396} = {4A34CC75-5E52-3C41-BD7C-E026355F8396}
	EndProjectSection
EndProject
Project("{8BC9CEB8-8B4A-11D0-8D11-00A0C91BC942}") = "3_TILEMAP", "3_TILEMAP.vcxproj", "{99F38236-1742-3654-8161-1E8DFED7DF59}"
	ProjectSection(ProjectDependencies) = postProject
		{E8C585EC-51AC-32F2-9FD0-348DEC1B9FFF} = {E8C585EC-51AC-32F2-9FD0-348DEC1B9FFF}
		{598F72FA-377E-3AC9-BB46-5CE303FF8804} = {598F72FA-377E-3AC9-BB46-5CE303FF8804}
		{429D0849-FFC2-3B5D-84A9-894BA01072AD} = {429D0849-FFC2-3B5D-84A9-894BA01072AD}
		{66E81731-3F83-3954-B9E8-9E376A9A24CB} = {66E81731-3F83-3954-B9E8-9E376A9A24CB}
		{4A34CC75-5E52-3C41-BD7C-E026355F8396} = {4A34CC75-5E52-3C41-BD7C-E026355F8396}
	EndProjectSection
EndProject
Project("{8BC9CEB8-8B4A-11D0-8D11-00A0C91BC942}") = "INSTALL", "INSTALL.vcxproj", "{76526421-6CEE-3C6B-B284-C9E57E1CAE17}"
	ProjectSection(ProjectDependencies) = postProject
		{A8044A59-5933-3CA7-9916-7DE79B15D3A8} = {A8044A59-5933-3CA7-9916-7DE79B15D3A8}
		{E8C585EC-51AC-32F2-9FD0-348DEC1B9FFF} = {E8C585EC-51AC-32F2-9FD0-348DEC1B9FFF}
	EndProjectSection
EndProject
Project("{8BC9CEB8-8B4A-11D0-8D11-00A0C91BC942}") = "PRACTICAL_1", "PRACTICAL_1.vcxproj", "{9DB4956C-E236-30EF-8C89-31C926B7D653}"
	ProjectSection(ProjectDependencies) = postProject
		{E8C585EC-51AC-32F2-9FD0-348DEC1B9FFF} = {E8C585EC-51AC-32F2-9FD0-348DEC1B9FFF}
		{429D0849-FFC2-3B5D-84A9-894BA01072AD} = {429D0849-FFC2-3B5D-84A9-894BA01072AD}
		{66E81731-3F83-3954-B9E8-9E376A9A24CB} = {66E81731-3F83-3954-B9E8-9E376A9A24CB}
		{4A34CC75-5E52-3C41-BD7C-E026355F8396} = {4A34CC75-5E52-3C41-BD7C-E026355F8396}
	EndProjectSection
EndProject
Project("{8BC9CEB8-8B4A-11D0-8D11-00A0C91BC942}") = "ZERO_CHECK", "ZERO_CHECK.vcxproj", "{E8C585EC-51AC-32F2-9FD0-348DEC1B9FFF}"
	ProjectSection(ProjectDependencies) = postProject
	EndProjectSection
EndProject
Project("{8BC9CEB8-8B4A-11D0-8D11-00A0C91BC942}") = "lib_tile_level_loader", "lib_tile_level_loader.vcxproj", "{598F72FA-377E-3AC9-BB46-5CE303FF8804}"
	ProjectSection(ProjectDependencies) = postProject
		{E8C585EC-51AC-32F2-9FD0-348DEC1B9FFF} = {E8C585EC-51AC-32F2-9FD0-348DEC1B9FFF}
		{429D0849-FFC2-3B5D-84A9-894BA01072AD} = {429D0849-FFC2-3B5D-84A9-894BA01072AD}
		{66E81731-3F83-3954-B9E8-9E376A9A24CB} = {66E81731-3F83-3954-B9E8-9E376A9A24CB}
		{4A34CC75-5E52-3C41-BD7C-E026355F8396} = {4A34CC75-5E52-3C41-BD7C-E026355F8396}
	EndProjectSection
EndProject
Project("{8BC9CEB8-8B4A-11D0-8D11-00A0C91BC942}") = "sfml-audio", "lib\sfml\src\SFML\Audio\sfml-audio.vcxproj", "{80A1F08D-EEA7-3CBD-B099-575CF0E47BB5}"
	ProjectSection(ProjectDependencies) = postProject
		{E8C585EC-51AC-32F2-9FD0-348DEC1B9FFF} = {E8C585EC-51AC-32F2-9FD0-348DEC1B9FFF}
		{66E81731-3F83-3954-B9E8-9E376A9A24CB} = {66E81731-3F83-3954-B9E8-9E376A9A24CB}
	EndProjectSection
EndProject
Project("{8BC9CEB8-8B4A-11D0-8D11-00A0C91BC942}") = "sfml-graphics", "lib\sfml\src\SFML\Graphics\sfml-graphics.vcxproj", "{429D0849-FFC2-3B5D-84A9-894BA01072AD}"
	ProjectSection(ProjectDependencies) = postProject
		{E8C585EC-51AC-32F2-9FD0-348DEC1B9FFF} = {E8C585EC-51AC-32F2-9FD0-348DEC1B9FFF}
		{66E81731-3F83-3954-B9E8-9E376A9A24CB} = {66E81731-3F83-3954-B9E8-9E376A9A24CB}
		{4A34CC75-5E52-3C41-BD7C-E026355F8396} = {4A34CC75-5E52-3C41-BD7C-E026355F8396}
	EndProjectSection
EndProject
Project("{8BC9CEB8-8B4A-11D0-8D11-00A0C91BC942}") = "sfml-main", "lib\sfml\src\SFML\Main\sfml-main.vcxproj", "{9F8FA23E-6803-36A6-ADDD-99E245A1DCBE}"
	ProjectSection(ProjectDependencies) = postProject
		{E8C585EC-51AC-32F2-9FD0-348DEC1B9FFF} = {E8C585EC-51AC-32F2-9FD0-348DEC1B9FFF}
	EndProjectSection
EndProject
Project("{8BC9CEB8-8B4A-11D0-8D11-00A0C91BC942}") = "sfml-network", "lib\sfml\src\SFML\Network\sfml-network.vcxproj", "{33AF71E9-39AF-3FC4-9602-2F8D8162F376}"
	ProjectSection(ProjectDependencies) = postProject
		{E8C585EC-51AC-32F2-9FD0-348DEC1B9FFF} = {E8C585EC-51AC-32F2-9FD0-348DEC1B9FFF}
		{66E81731-3F83-3954-B9E8-9E376A9A24CB} = {66E81731-3F83-3954-B9E8-9E376A9A24CB}
	EndProjectSection
EndProject
Project("{8BC9CEB8-8B4A-11D0-8D11-00A0C91BC942}") = "sfml-system", "lib\sfml\src\SFML\System\sfml-system.vcxproj", "{66E81731-3F83-3954-B9E8-9E376A9A24CB}"
	ProjectSection(ProjectDependencies) = postProject
		{E8C585EC-51AC-32F2-9FD0-348DEC1B9FFF} = {E8C585EC-51AC-32F2-9FD0-348DEC1B9FFF}
	EndProjectSection
EndProject
Project("{8BC9CEB8-8B4A-11D0-8D11-00A0C91BC942}") = "sfml-window", "lib\sfml\src\SFML\Window\sfml-window.vcxproj", "{4A34CC75-5E52-3C41-BD7C-E026355F8396}"
	ProjectSection(ProjectDependencies) = postProject
		{E8C585EC-51AC-32F2-9FD0-348DEC1B9FFF} = {E8C585EC-51AC-32F2-9FD0-348DEC1B9FFF}
		{66E81731-3F83-3954-B9E8-9E376A9A24CB} = {66E81731-3F83-3954-B9E8-9E376A9A24CB}
	EndProjectSection
EndProject
Global
	GlobalSection(SolutionConfigurationPlatforms) = preSolution
		Debug|x64 = Debug|x64
		Release|x64 = Release|x64
		MinSizeRel|x64 = MinSizeRel|x64
		RelWithDebInfo|x64 = RelWithDebInfo|x64
	EndGlobalSection
	GlobalSection(ProjectConfigurationPlatforms) = postSolution
		{A8044A59-5933-3CA7-9916-7DE79B15D3A8}.Debug|x64.ActiveCfg = Debug|x64
		{A8044A59-5933-3CA7-9916-7DE79B15D3A8}.Debug|x64.Build.0 = Debug|x64
		{A8044A59-5933-3CA7-9916-7DE79B15D3A8}.Release|x64.ActiveCfg = Release|x64
		{A8044A59-5933-3CA7-9916-7DE79B15D3A8}.Release|x64.Build.0 = Release|x64
		{A8044A59-5933-3CA7-9916-7DE79B15D3A8}.MinSizeRel|x64.ActiveCfg = MinSizeRel|x64
		{A8044A59-5933-3CA7-9916-7DE79B15D3A8}.MinSizeRel|x64.Build.0 = MinSizeRel|x64
		{A8044A59-5933-3CA7-9916-7DE79B15D3A8}.RelWithDebInfo|x64.ActiveCfg = RelWithDebInfo|x64
		{A8044A59-5933-3CA7-9916-7DE79B15D3A8}.RelWithDebInfo|x64.Build.0 = RelWithDebInfo|x64
		{C1A091D0-EB19-37C3-BC6D-485591C35DE8}.Debug|x64.ActiveCfg = Debug|x64
		{C1A091D0-EB19-37C3-BC6D-485591C35DE8}.Debug|x64.Build.0 = Debug|x64
		{C1A091D0-EB19-37C3-BC6D-485591C35DE8}.Release|x64.ActiveCfg = Release|x64
		{C1A091D0-EB19-37C3-BC6D-485591C35DE8}.Release|x64.Build.0 = Release|x64
		{C1A091D0-EB19-37C3-BC6D-485591C35DE8}.MinSizeRel|x64.ActiveCfg = MinSizeRel|x64
		{C1A091D0-EB19-37C3-BC6D-485591C35DE8}.MinSizeRel|x64.Build.0 = MinSizeRel|x64
		{C1A091D0-EB19-37C3-BC6D-485591C35DE8}.RelWithDebInfo|x64.ActiveCfg = RelWithDebInfo|x64
		{C1A091D0-EB19-37C3-BC6D-485591C35DE8}.RelWithDebInfo|x64.Build.0 = RelWithDebInfo|x64
		{99F38236-1742-3654-8161-1E8DFED7DF59}.Debug|x64.ActiveCfg = Debug|x64
		{99F38236-1742-3654-8161-1E8DFED7DF59}.Debug|x64.Build.0 = Debug|x64
		{99F38236-1742-3654-8161-1E8DFED7DF59}.Release|x64.ActiveCfg = Release|x64
		{99F38236-1742-3654-8161-1E8DFED7DF59}.Release|x64.Build.0 = Release|x64
		{99F38236-1742-3654-8161-1E8DFED7DF59}.MinSizeRel|x64.ActiveCfg = MinSizeRel|x64
		{99F38236-1742-3654-8161-1E8DFED7DF59}.MinSizeRel|x64.Build.0 = MinSizeRel|x64
		{99F38236-1742-3654-8161-1E8DFED7DF59}.RelWithDebInfo|x64.ActiveCfg = RelWithDebInfo|x64
		{99F38236-1742-3654-8161-1E8DFED7DF59}.RelWithDebInfo|x64.Build.0 = RelWithDebInfo|x64
		{76526421-6CEE-3C6B-B284-C9E57E1CAE17}.Debug|x64.ActiveCfg = Debug|x64
		{76526421-6CEE-3C6B-B284-C9E57E1CAE17}.Release|x64.ActiveCfg = Release|x64
		{76526421-6CEE-3C6B-B284-C9E57E1CAE17}.MinSizeRel|x64.ActiveCfg = MinSizeRel|x64
		{76526421-6CEE-3C6B-B284-C9E57E1CAE17}.RelWithDebInfo|x64.ActiveCfg = RelWithDebInfo|x64
		{9DB4956C-E236-30EF-8C89-31C926B7D653}.Debug|x64.ActiveCfg = Debug|x64
		{9DB4956C-E236-30EF-8C89-31C926B7D653}.Debug|x64.Build.0 = Debug|x64
		{9DB4956C-E236-30EF-8C89-31C926B7D653}.Release|x64.ActiveCfg = Release|x64
		{9DB4956C-E236-30EF-8C89-31C926B7D653}.Release|x64.Build.0 = Release|x64
		{9DB4956C-E236-30EF-8C89-31C926B7D653}.MinSizeRel|x64.ActiveCfg = MinSizeRel|x64
		{9DB4956C-E236-30EF-8C89-31C926B7D653}.MinSizeRel|x64.Build.0 = MinSizeRel|x64
		{9DB4956C-E236-30EF-8C89-31C926B7D653}.RelWithDebInfo|x64.ActiveCfg = RelWithDebInfo|x64
		{9DB4956C-E236-30EF-8C89-31C926B7D653}.RelWithDebInfo|x64.Build.0 = RelWithDebInfo|x64
		{E8C585EC-51AC-32F2-9FD0-348DEC1B9FFF}.Debug|x64.ActiveCfg = Debug|x64
		{E8C585EC-51AC-32F2-9FD0-348DEC1B9FFF}.Debug|x64.Build.0 = Debug|x64
		{E8C585EC-51AC-32F2-9FD0-348DEC1B9FFF}.Release|x64.ActiveCfg = Release|x64
		{E8C585EC-51AC-32F2-9FD0-348DEC1B9FFF}.Release|x64.Build.0 = Release|x64
		{E8C585EC-51AC-32F2-9FD0-348DEC1B9FFF}.MinSizeRel|x64.ActiveCfg = MinSizeRel|x64
		{E8C585EC-51AC-32F2-9FD0-348DEC1B9FFF}.MinSizeRel|x64.Build.0 = MinSizeRel|x64
		{E8C585EC-51AC-32F2-9FD0-348DEC1B9FFF}.RelWithDebInfo|x64.ActiveCfg = RelWithDebInfo|x64
		{E8C585EC-51AC-32F2-9FD0-348DEC1B9FFF}.RelWithDebInfo|x64.Build.0 = RelWithDebInfo|x64
		{598F72FA-377E-3AC9-BB46-5CE303FF8804}.Debug|x64.ActiveCfg = Debug|x64
		{598F72FA-377E-3AC9-BB46-5CE303FF8804}.Debug|x64.Build.0 = Debug|x64
		{598F72FA-377E-3AC9-BB46-5CE303FF8804}.Release|x64.ActiveCfg = Release|x64
		{598F72FA-377E-3AC9-BB46-5CE303FF8804}.Release|x64.Build.0 = Release|x64
		{598F72FA-377E-3AC9-BB46-5CE303FF8804}.MinSizeRel|x64.ActiveCfg = MinSizeRel|x64
		{598F72FA-377E-3AC9-BB46-5CE303FF8804}.MinSizeRel|x64.Build.0 = MinSizeRel|x64
		{598F72FA-377E-3AC9-BB46-5CE303FF8804}.RelWithDebInfo|x64.ActiveCfg = RelWithDebInfo|x64
		{598F72FA-377E-3AC9-BB46-5CE303FF8804}.RelWithDebInfo|x64.Build.0 = RelWithDebInfo|x64
		{80A1F08D-EEA7-3CBD-B099-575CF0E47BB5}.Debug|x64.ActiveCfg = Debug|x64
		{80A1F08D-EEA7-3CBD-B099-575CF0E47BB5}.Debug|x64.Build.0 = Debug|x64
		{80A1F08D-EEA7-3CBD-B099-575CF0E47BB5}.Release|x64.ActiveCfg = Release|x64
		{80A1F08D-EEA7-3CBD-B099-575CF0E47BB5}.Release|x64.Build.0 = Release|x64
		{80A1F08D-EEA7-3CBD-B099-575CF0E47BB5}.MinSizeRel|x64.ActiveCfg = MinSizeRel|x64
		{80A1F08D-EEA7-3CBD-B099-575CF0E47BB5}.MinSizeRel|x64.Build.0 = MinSizeRel|x64
		{80A1F08D-EEA7-3CBD-B099-575CF0E47BB5}.RelWithDebInfo|x64.ActiveCfg = RelWithDebInfo|x64
		{80A1F08D-EEA7-3CBD-B099-575CF0E47BB5}.RelWithDebInfo|x64.Build.0 = RelWithDebInfo|x64
		{429D0849-FFC2-3B5D-84A9-894BA01072AD}.Debug|x64.ActiveCfg = Debug|x64
		{429D0849-FFC2-3B5D-84A9-894BA01072AD}.Debug|x64.Build.0 = Debug|x64
		{429D0849-FFC2-3B5D-84A9-894BA01072AD}.Release|x64.ActiveCfg = Release|x64
		{429D0849-FFC2-3B5D-84A9-894BA01072AD}.Release|x64.Build.0 = Release|x64
		{429D0849-FFC2-3B5D-84A9-894BA01072AD}.MinSizeRel|x64.ActiveCfg = MinSizeRel|x64
		{429D0849-FFC2-3B5D-84A9-894BA01072AD}.MinSizeRel|x64.Build.0 = MinSizeRel|x64
		{429D0849-FFC2-3B5D-84A9-894BA01072AD}.RelWithDebInfo|x64.ActiveCfg = RelWithDebInfo|x64
		{429D0849-FFC2-3B5D-84A9-894BA01072AD}.RelWithDebInfo|x64.Build.0 = RelWithDebInfo|x64
		{9F8FA23E-6803-36A6-ADDD-99E245A1DCBE}.Debug|x64.ActiveCfg = Debug|x64
		{9F8FA23E-6803-36A6-ADDD-99E245A1DCBE}.Debug|x64.Build.0 = Debug|x64
		{9F8FA23E-6803-36A6-ADDD-99E245A1DCBE}.Release|x64.ActiveCfg = Release|x64
		{9F8FA23E-6803-36A6-ADDD-99E245A1DCBE}.Release|x64.Build.0 = Release|x64
		{9F8FA23E-6803-36A6-ADDD-99E245A1DCBE}.MinSizeRel|x64.ActiveCfg = MinSizeRel|x64
		{9F8FA23E-6803-36A6-ADDD-99E245A1DCBE}.MinSizeRel|x64.Build.0 = MinSizeRel|x64
		{9F8FA23E-6803-36A6-ADDD-99E245A1DCBE}.RelWithDebInfo|x64.ActiveCfg = RelWithDebInfo|x64
		{9F8FA23E-6803-36A6-ADDD-99E245A1DCBE}.RelWithDebInfo|x64.Build.0 = RelWithDebInfo|x64
		{33AF71E9-39AF-3FC4-9602-2F8D8162F376}.Debug|x64.ActiveCfg = Debug|x64
		{33AF71E9-39AF-3FC4-9602-2F8D8162F376}.Debug|x64.Build.0 = Debug|x64
		{33AF71E9-39AF-3FC4-9602-2F8D8162F376}.Release|x64.ActiveCfg = Release|x64
		{33AF71E9-39AF-3FC4-9602-2F8D8162F376}.Release|x64.Build.0 = Release|x64
		{33AF71E9-39AF-3FC4-9602-2F8D8162F376}.MinSizeRel|x64.ActiveCfg = MinSizeRel|x64
		{33AF71E9-39AF-3FC4-9602-2F8D8162F376}.MinSizeRel|x64.Build.0 = MinSizeRel|x64
		{33AF71E9-39AF-3FC4-9602-2F8D8162F376}.RelWithDebInfo|x64.ActiveCfg = RelWithDebInfo|x64
		{33AF71E9-39AF-3FC4-9602-2F8D8162F376}.RelWithDebInfo|x64.Build.0 = RelWithDebInfo|x64
		{66E81731-3F83-3954-B9E8-9E376A9A24CB}.Debug|x64.ActiveCfg = Debug|x64
		{66E81731-3F83-3954-B9E8-9E376A9A24CB}.Debug|x64.Build.0 = Debug|x64
		{66E81731-3F83-3954-B9E8-9E376A9A24CB}.Release|x64.ActiveCfg = Release|x64
		{66E81731-3F83-3954-B9E8-9E376A9A24CB}.Release|x64.Build.0 = Release|x64
		{66E81731-3F83-3954-B9E8-9E376A9A24CB}.MinSizeRel|x64.ActiveCfg = MinSizeRel|x64
		{66E81731-3F83-3954-B9E8-9E376A9A24CB}.MinSizeRel|x64.Build.0 = MinSizeRel|x64
		{66E81731-3F83-3954-B9E8-9E376A9A24CB}.RelWithDebInfo|x64.ActiveCfg = RelWithDebInfo|x64
		{66E81731-3F83-3954-B9E8-9E376A9A24CB}.RelWithDebInfo|x64.Build.0 = RelWithDebInfo|x64
		{4A34CC75-5E52-3C41-BD7C-E026355F8396}.Debug|x64.ActiveCfg = Debug|x64
		{4A34CC75-5E52-3C41-BD7C-E026355F8396}.Debug|x64.Build.0 = Debug|x64
		{4A34CC75-5E52-3C41-BD7C-E026355F8396}.Release|x64.ActiveCfg = Release|x64
		{4A34CC75-5E52-3C41-BD7C-E026355F8396}.Release|x64.Build.0 = Release|x64
		{4A34CC75-5E52-3C41-BD7C-E026355F8396}.MinSizeRel|x64.ActiveCfg = MinSizeRel|x64
		{4A34CC75-5E52-3C41-BD7C-E026355F8396}.MinSizeRel|x64.Build.0 = MinSizeRel|x64
		{4A34CC75-5E52-3C41-BD7C-E026355F8396}.RelWithDebInfo|x64.ActiveCfg = RelWithDebInfo|x64
		{4A34CC75-5E52-3C41-BD7C-E026355F8396}.RelWithDebInfo|x64.Build.0 = RelWithDebInfo|x64
	EndGlobalSection
	GlobalSection(NestedProjects) = preSolution
		{A8044A59-5933-3CA7-9916-7DE79B15D3A8} = {461DB005-F2C4-30F9-B1DF-3DDFD40355EB}
		{76526421-6CEE-3C6B-B284-C9E57E1CAE17} = {461DB005-F2C4-30F9-B1DF-3DDFD40355EB}
		{E8C585EC-51AC-32F2-9FD0-348DEC1B9FFF} = {461DB005-F2C4-30F9-B1DF-3DDFD40355EB}
		{80A1F08D-EEA7-3CBD-B099-575CF0E47BB5} = {BE0C351D-7FB7-35AB-B22C-CF22FE03E72C}
		{429D0849-FFC2-3B5D-84A9-894BA01072AD} = {BE0C351D-7FB7-35AB-B22C-CF22FE03E72C}
		{9F8FA23E-6803-36A6-ADDD-99E245A1DCBE} = {BE0C351D-7FB7-35AB-B22C-CF22FE03E72C}
		{33AF71E9-39AF-3FC4-9602-2F8D8162F376} = {BE0C351D-7FB7-35AB-B22C-CF22FE03E72C}
		{66E81731-3F83-3954-B9E8-9E376A9A24CB} = {BE0C351D-7FB7-35AB-B22C-CF22FE03E72C}
		{4A34CC75-5E52-3C41-BD7C-E026355F8396} = {BE0C351D-7FB7-35AB-B22C-CF22FE03E72C}
	EndGlobalSection
	GlobalSection(ExtensibilityGlobals) = postSolution
		SolutionGuid = {B2F823F0-C472-34DD-A462-DDE0CBAA2992}
	EndGlobalSection
	GlobalSection(ExtensibilityAddIns) = postSolution
	EndGlobalSection
EndGlobal
