
Microsoft Visual Studio Solution File, Format Version 12.00
# Visual Studio Version 16
Project("{2150E333-8FDC-42A3-9474-1A3956D46DE8}") = "CMake", "CMake", "{78137EF8-0169-3179-9F08-9C35942F29A6}"
EndProject
Project("{2150E333-8FDC-42A3-9474-1A3956D46DE8}") = "SFML", "SFML", "{47A2814D-09D8-33DE-9C85-C22A6DCFCF46}"
EndProject
Project("{8BC9CEB8-8B4A-11D0-8D11-00A0C91BC942}") = "ALL_BUILD", "ALL_BUILD.vcxproj", "{16473B3F-BD7F-3849-B573-742459922EF3}"
	ProjectSection(ProjectDependencies) = postProject
		{BB2F5F42-BF23-3FAA-868C-D2605F9C3014} = {BB2F5F42-BF23-3FAA-868C-D2605F9C3014}
		{1B83B38A-5BEB-36EF-9FEE-77D588D84115} = {1B83B38A-5BEB-36EF-9FEE-77D588D84115}
		{C98CC0A4-71BF-3A1F-8091-D36C58662735} = {C98CC0A4-71BF-3A1F-8091-D36C58662735}
		{BFAF8B6D-E161-32EC-BE8F-AD555F4FC7DF} = {BFAF8B6D-E161-32EC-BE8F-AD555F4FC7DF}
		{9C6CB334-4FB0-3B7F-BE97-E3825C8CB3FB} = {9C6CB334-4FB0-3B7F-BE97-E3825C8CB3FB}
		{2A86D6CB-A7EA-3C36-B437-2EC882A5C26F} = {2A86D6CB-A7EA-3C36-B437-2EC882A5C26F}
		{B8357A43-A3C8-33D7-A969-02D08575BC9F} = {B8357A43-A3C8-33D7-A969-02D08575BC9F}
		{C6BA9880-3603-32C9-9DE0-98D9AED05D21} = {C6BA9880-3603-32C9-9DE0-98D9AED05D21}
		{9EBD6539-B9C0-35BD-B513-BC3349CC1D5A} = {9EBD6539-B9C0-35BD-B513-BC3349CC1D5A}
	EndProjectSection
EndProject
Project("{8BC9CEB8-8B4A-11D0-8D11-00A0C91BC942}") = "2_INVADERS", "2_INVADERS.vcxproj", "{BB2F5F42-BF23-3FAA-868C-D2605F9C3014}"
	ProjectSection(ProjectDependencies) = postProject
		{C98CC0A4-71BF-3A1F-8091-D36C58662735} = {C98CC0A4-71BF-3A1F-8091-D36C58662735}
		{9C6CB334-4FB0-3B7F-BE97-E3825C8CB3FB} = {9C6CB334-4FB0-3B7F-BE97-E3825C8CB3FB}
		{C6BA9880-3603-32C9-9DE0-98D9AED05D21} = {C6BA9880-3603-32C9-9DE0-98D9AED05D21}
		{9EBD6539-B9C0-35BD-B513-BC3349CC1D5A} = {9EBD6539-B9C0-35BD-B513-BC3349CC1D5A}
	EndProjectSection
EndProject
Project("{8BC9CEB8-8B4A-11D0-8D11-00A0C91BC942}") = "INSTALL", "INSTALL.vcxproj", "{E5F8E285-1B50-3E29-B902-7CE73737513A}"
	ProjectSection(ProjectDependencies) = postProject
		{16473B3F-BD7F-3849-B573-742459922EF3} = {16473B3F-BD7F-3849-B573-742459922EF3}
		{C98CC0A4-71BF-3A1F-8091-D36C58662735} = {C98CC0A4-71BF-3A1F-8091-D36C58662735}
	EndProjectSection
EndProject
Project("{8BC9CEB8-8B4A-11D0-8D11-00A0C91BC942}") = "PRACTICAL_1", "PRACTICAL_1.vcxproj", "{1B83B38A-5BEB-36EF-9FEE-77D588D84115}"
	ProjectSection(ProjectDependencies) = postProject
		{C98CC0A4-71BF-3A1F-8091-D36C58662735} = {C98CC0A4-71BF-3A1F-8091-D36C58662735}
		{9C6CB334-4FB0-3B7F-BE97-E3825C8CB3FB} = {9C6CB334-4FB0-3B7F-BE97-E3825C8CB3FB}
		{C6BA9880-3603-32C9-9DE0-98D9AED05D21} = {C6BA9880-3603-32C9-9DE0-98D9AED05D21}
		{9EBD6539-B9C0-35BD-B513-BC3349CC1D5A} = {9EBD6539-B9C0-35BD-B513-BC3349CC1D5A}
	EndProjectSection
EndProject
Project("{8BC9CEB8-8B4A-11D0-8D11-00A0C91BC942}") = "ZERO_CHECK", "ZERO_CHECK.vcxproj", "{C98CC0A4-71BF-3A1F-8091-D36C58662735}"
	ProjectSection(ProjectDependencies) = postProject
	EndProjectSection
EndProject
Project("{8BC9CEB8-8B4A-11D0-8D11-00A0C91BC942}") = "sfml-audio", "lib\sfml\src\SFML\Audio\sfml-audio.vcxproj", "{BFAF8B6D-E161-32EC-BE8F-AD555F4FC7DF}"
	ProjectSection(ProjectDependencies) = postProject
		{C98CC0A4-71BF-3A1F-8091-D36C58662735} = {C98CC0A4-71BF-3A1F-8091-D36C58662735}
		{C6BA9880-3603-32C9-9DE0-98D9AED05D21} = {C6BA9880-3603-32C9-9DE0-98D9AED05D21}
	EndProjectSection
EndProject
Project("{8BC9CEB8-8B4A-11D0-8D11-00A0C91BC942}") = "sfml-graphics", "lib\sfml\src\SFML\Graphics\sfml-graphics.vcxproj", "{9C6CB334-4FB0-3B7F-BE97-E3825C8CB3FB}"
	ProjectSection(ProjectDependencies) = postProject
		{C98CC0A4-71BF-3A1F-8091-D36C58662735} = {C98CC0A4-71BF-3A1F-8091-D36C58662735}
		{C6BA9880-3603-32C9-9DE0-98D9AED05D21} = {C6BA9880-3603-32C9-9DE0-98D9AED05D21}
		{9EBD6539-B9C0-35BD-B513-BC3349CC1D5A} = {9EBD6539-B9C0-35BD-B513-BC3349CC1D5A}
	EndProjectSection
EndProject
Project("{8BC9CEB8-8B4A-11D0-8D11-00A0C91BC942}") = "sfml-main", "lib\sfml\src\SFML\Main\sfml-main.vcxproj", "{2A86D6CB-A7EA-3C36-B437-2EC882A5C26F}"
	ProjectSection(ProjectDependencies) = postProject
		{C98CC0A4-71BF-3A1F-8091-D36C58662735} = {C98CC0A4-71BF-3A1F-8091-D36C58662735}
	EndProjectSection
EndProject
Project("{8BC9CEB8-8B4A-11D0-8D11-00A0C91BC942}") = "sfml-network", "lib\sfml\src\SFML\Network\sfml-network.vcxproj", "{B8357A43-A3C8-33D7-A969-02D08575BC9F}"
	ProjectSection(ProjectDependencies) = postProject
		{C98CC0A4-71BF-3A1F-8091-D36C58662735} = {C98CC0A4-71BF-3A1F-8091-D36C58662735}
		{C6BA9880-3603-32C9-9DE0-98D9AED05D21} = {C6BA9880-3603-32C9-9DE0-98D9AED05D21}
	EndProjectSection
EndProject
Project("{8BC9CEB8-8B4A-11D0-8D11-00A0C91BC942}") = "sfml-system", "lib\sfml\src\SFML\System\sfml-system.vcxproj", "{C6BA9880-3603-32C9-9DE0-98D9AED05D21}"
	ProjectSection(ProjectDependencies) = postProject
		{C98CC0A4-71BF-3A1F-8091-D36C58662735} = {C98CC0A4-71BF-3A1F-8091-D36C58662735}
	EndProjectSection
EndProject
Project("{8BC9CEB8-8B4A-11D0-8D11-00A0C91BC942}") = "sfml-window", "lib\sfml\src\SFML\Window\sfml-window.vcxproj", "{9EBD6539-B9C0-35BD-B513-BC3349CC1D5A}"
	ProjectSection(ProjectDependencies) = postProject
		{C98CC0A4-71BF-3A1F-8091-D36C58662735} = {C98CC0A4-71BF-3A1F-8091-D36C58662735}
		{C6BA9880-3603-32C9-9DE0-98D9AED05D21} = {C6BA9880-3603-32C9-9DE0-98D9AED05D21}
	EndProjectSection
EndProject
Global
	GlobalSection(SolutionConfigurationPlatforms) = preSolution
		Debug|x64 = Debug|x64
		Release|x64 = Release|x64
		MinSizeRel|x64 = MinSizeRel|x64
		RelWithDebInfo|x64 = RelWithDebInfo|x64
	EndGlobalSection
	GlobalSection(ProjectConfigurationPlatforms) = postSolution
		{16473B3F-BD7F-3849-B573-742459922EF3}.Debug|x64.ActiveCfg = Debug|x64
		{16473B3F-BD7F-3849-B573-742459922EF3}.Debug|x64.Build.0 = Debug|x64
		{16473B3F-BD7F-3849-B573-742459922EF3}.Release|x64.ActiveCfg = Release|x64
		{16473B3F-BD7F-3849-B573-742459922EF3}.Release|x64.Build.0 = Release|x64
		{16473B3F-BD7F-3849-B573-742459922EF3}.MinSizeRel|x64.ActiveCfg = MinSizeRel|x64
		{16473B3F-BD7F-3849-B573-742459922EF3}.MinSizeRel|x64.Build.0 = MinSizeRel|x64
		{16473B3F-BD7F-3849-B573-742459922EF3}.RelWithDebInfo|x64.ActiveCfg = RelWithDebInfo|x64
		{16473B3F-BD7F-3849-B573-742459922EF3}.RelWithDebInfo|x64.Build.0 = RelWithDebInfo|x64
		{BB2F5F42-BF23-3FAA-868C-D2605F9C3014}.Debug|x64.ActiveCfg = Debug|x64
		{BB2F5F42-BF23-3FAA-868C-D2605F9C3014}.Debug|x64.Build.0 = Debug|x64
		{BB2F5F42-BF23-3FAA-868C-D2605F9C3014}.Release|x64.ActiveCfg = Release|x64
		{BB2F5F42-BF23-3FAA-868C-D2605F9C3014}.Release|x64.Build.0 = Release|x64
		{BB2F5F42-BF23-3FAA-868C-D2605F9C3014}.MinSizeRel|x64.ActiveCfg = MinSizeRel|x64
		{BB2F5F42-BF23-3FAA-868C-D2605F9C3014}.MinSizeRel|x64.Build.0 = MinSizeRel|x64
		{BB2F5F42-BF23-3FAA-868C-D2605F9C3014}.RelWithDebInfo|x64.ActiveCfg = RelWithDebInfo|x64
		{BB2F5F42-BF23-3FAA-868C-D2605F9C3014}.RelWithDebInfo|x64.Build.0 = RelWithDebInfo|x64
		{E5F8E285-1B50-3E29-B902-7CE73737513A}.Debug|x64.ActiveCfg = Debug|x64
		{E5F8E285-1B50-3E29-B902-7CE73737513A}.Release|x64.ActiveCfg = Release|x64
		{E5F8E285-1B50-3E29-B902-7CE73737513A}.MinSizeRel|x64.ActiveCfg = MinSizeRel|x64
		{E5F8E285-1B50-3E29-B902-7CE73737513A}.RelWithDebInfo|x64.ActiveCfg = RelWithDebInfo|x64
		{1B83B38A-5BEB-36EF-9FEE-77D588D84115}.Debug|x64.ActiveCfg = Debug|x64
		{1B83B38A-5BEB-36EF-9FEE-77D588D84115}.Debug|x64.Build.0 = Debug|x64
		{1B83B38A-5BEB-36EF-9FEE-77D588D84115}.Release|x64.ActiveCfg = Release|x64
		{1B83B38A-5BEB-36EF-9FEE-77D588D84115}.Release|x64.Build.0 = Release|x64
		{1B83B38A-5BEB-36EF-9FEE-77D588D84115}.MinSizeRel|x64.ActiveCfg = MinSizeRel|x64
		{1B83B38A-5BEB-36EF-9FEE-77D588D84115}.MinSizeRel|x64.Build.0 = MinSizeRel|x64
		{1B83B38A-5BEB-36EF-9FEE-77D588D84115}.RelWithDebInfo|x64.ActiveCfg = RelWithDebInfo|x64
		{1B83B38A-5BEB-36EF-9FEE-77D588D84115}.RelWithDebInfo|x64.Build.0 = RelWithDebInfo|x64
		{C98CC0A4-71BF-3A1F-8091-D36C58662735}.Debug|x64.ActiveCfg = Debug|x64
		{C98CC0A4-71BF-3A1F-8091-D36C58662735}.Debug|x64.Build.0 = Debug|x64
		{C98CC0A4-71BF-3A1F-8091-D36C58662735}.Release|x64.ActiveCfg = Release|x64
		{C98CC0A4-71BF-3A1F-8091-D36C58662735}.Release|x64.Build.0 = Release|x64
		{C98CC0A4-71BF-3A1F-8091-D36C58662735}.MinSizeRel|x64.ActiveCfg = MinSizeRel|x64
		{C98CC0A4-71BF-3A1F-8091-D36C58662735}.MinSizeRel|x64.Build.0 = MinSizeRel|x64
		{C98CC0A4-71BF-3A1F-8091-D36C58662735}.RelWithDebInfo|x64.ActiveCfg = RelWithDebInfo|x64
		{C98CC0A4-71BF-3A1F-8091-D36C58662735}.RelWithDebInfo|x64.Build.0 = RelWithDebInfo|x64
		{BFAF8B6D-E161-32EC-BE8F-AD555F4FC7DF}.Debug|x64.ActiveCfg = Debug|x64
		{BFAF8B6D-E161-32EC-BE8F-AD555F4FC7DF}.Debug|x64.Build.0 = Debug|x64
		{BFAF8B6D-E161-32EC-BE8F-AD555F4FC7DF}.Release|x64.ActiveCfg = Release|x64
		{BFAF8B6D-E161-32EC-BE8F-AD555F4FC7DF}.Release|x64.Build.0 = Release|x64
		{BFAF8B6D-E161-32EC-BE8F-AD555F4FC7DF}.MinSizeRel|x64.ActiveCfg = MinSizeRel|x64
		{BFAF8B6D-E161-32EC-BE8F-AD555F4FC7DF}.MinSizeRel|x64.Build.0 = MinSizeRel|x64
		{BFAF8B6D-E161-32EC-BE8F-AD555F4FC7DF}.RelWithDebInfo|x64.ActiveCfg = RelWithDebInfo|x64
		{BFAF8B6D-E161-32EC-BE8F-AD555F4FC7DF}.RelWithDebInfo|x64.Build.0 = RelWithDebInfo|x64
		{9C6CB334-4FB0-3B7F-BE97-E3825C8CB3FB}.Debug|x64.ActiveCfg = Debug|x64
		{9C6CB334-4FB0-3B7F-BE97-E3825C8CB3FB}.Debug|x64.Build.0 = Debug|x64
		{9C6CB334-4FB0-3B7F-BE97-E3825C8CB3FB}.Release|x64.ActiveCfg = Release|x64
		{9C6CB334-4FB0-3B7F-BE97-E3825C8CB3FB}.Release|x64.Build.0 = Release|x64
		{9C6CB334-4FB0-3B7F-BE97-E3825C8CB3FB}.MinSizeRel|x64.ActiveCfg = MinSizeRel|x64
		{9C6CB334-4FB0-3B7F-BE97-E3825C8CB3FB}.MinSizeRel|x64.Build.0 = MinSizeRel|x64
		{9C6CB334-4FB0-3B7F-BE97-E3825C8CB3FB}.RelWithDebInfo|x64.ActiveCfg = RelWithDebInfo|x64
		{9C6CB334-4FB0-3B7F-BE97-E3825C8CB3FB}.RelWithDebInfo|x64.Build.0 = RelWithDebInfo|x64
		{2A86D6CB-A7EA-3C36-B437-2EC882A5C26F}.Debug|x64.ActiveCfg = Debug|x64
		{2A86D6CB-A7EA-3C36-B437-2EC882A5C26F}.Debug|x64.Build.0 = Debug|x64
		{2A86D6CB-A7EA-3C36-B437-2EC882A5C26F}.Release|x64.ActiveCfg = Release|x64
		{2A86D6CB-A7EA-3C36-B437-2EC882A5C26F}.Release|x64.Build.0 = Release|x64
		{2A86D6CB-A7EA-3C36-B437-2EC882A5C26F}.MinSizeRel|x64.ActiveCfg = MinSizeRel|x64
		{2A86D6CB-A7EA-3C36-B437-2EC882A5C26F}.MinSizeRel|x64.Build.0 = MinSizeRel|x64
		{2A86D6CB-A7EA-3C36-B437-2EC882A5C26F}.RelWithDebInfo|x64.ActiveCfg = RelWithDebInfo|x64
		{2A86D6CB-A7EA-3C36-B437-2EC882A5C26F}.RelWithDebInfo|x64.Build.0 = RelWithDebInfo|x64
		{B8357A43-A3C8-33D7-A969-02D08575BC9F}.Debug|x64.ActiveCfg = Debug|x64
		{B8357A43-A3C8-33D7-A969-02D08575BC9F}.Debug|x64.Build.0 = Debug|x64
		{B8357A43-A3C8-33D7-A969-02D08575BC9F}.Release|x64.ActiveCfg = Release|x64
		{B8357A43-A3C8-33D7-A969-02D08575BC9F}.Release|x64.Build.0 = Release|x64
		{B8357A43-A3C8-33D7-A969-02D08575BC9F}.MinSizeRel|x64.ActiveCfg = MinSizeRel|x64
		{B8357A43-A3C8-33D7-A969-02D08575BC9F}.MinSizeRel|x64.Build.0 = MinSizeRel|x64
		{B8357A43-A3C8-33D7-A969-02D08575BC9F}.RelWithDebInfo|x64.ActiveCfg = RelWithDebInfo|x64
		{B8357A43-A3C8-33D7-A969-02D08575BC9F}.RelWithDebInfo|x64.Build.0 = RelWithDebInfo|x64
		{C6BA9880-3603-32C9-9DE0-98D9AED05D21}.Debug|x64.ActiveCfg = Debug|x64
		{C6BA9880-3603-32C9-9DE0-98D9AED05D21}.Debug|x64.Build.0 = Debug|x64
		{C6BA9880-3603-32C9-9DE0-98D9AED05D21}.Release|x64.ActiveCfg = Release|x64
		{C6BA9880-3603-32C9-9DE0-98D9AED05D21}.Release|x64.Build.0 = Release|x64
		{C6BA9880-3603-32C9-9DE0-98D9AED05D21}.MinSizeRel|x64.ActiveCfg = MinSizeRel|x64
		{C6BA9880-3603-32C9-9DE0-98D9AED05D21}.MinSizeRel|x64.Build.0 = MinSizeRel|x64
		{C6BA9880-3603-32C9-9DE0-98D9AED05D21}.RelWithDebInfo|x64.ActiveCfg = RelWithDebInfo|x64
		{C6BA9880-3603-32C9-9DE0-98D9AED05D21}.RelWithDebInfo|x64.Build.0 = RelWithDebInfo|x64
		{9EBD6539-B9C0-35BD-B513-BC3349CC1D5A}.Debug|x64.ActiveCfg = Debug|x64
		{9EBD6539-B9C0-35BD-B513-BC3349CC1D5A}.Debug|x64.Build.0 = Debug|x64
		{9EBD6539-B9C0-35BD-B513-BC3349CC1D5A}.Release|x64.ActiveCfg = Release|x64
		{9EBD6539-B9C0-35BD-B513-BC3349CC1D5A}.Release|x64.Build.0 = Release|x64
		{9EBD6539-B9C0-35BD-B513-BC3349CC1D5A}.MinSizeRel|x64.ActiveCfg = MinSizeRel|x64
		{9EBD6539-B9C0-35BD-B513-BC3349CC1D5A}.MinSizeRel|x64.Build.0 = MinSizeRel|x64
		{9EBD6539-B9C0-35BD-B513-BC3349CC1D5A}.RelWithDebInfo|x64.ActiveCfg = RelWithDebInfo|x64
		{9EBD6539-B9C0-35BD-B513-BC3349CC1D5A}.RelWithDebInfo|x64.Build.0 = RelWithDebInfo|x64
	EndGlobalSection
	GlobalSection(NestedProjects) = preSolution
		{16473B3F-BD7F-3849-B573-742459922EF3} = {78137EF8-0169-3179-9F08-9C35942F29A6}
		{E5F8E285-1B50-3E29-B902-7CE73737513A} = {78137EF8-0169-3179-9F08-9C35942F29A6}
		{C98CC0A4-71BF-3A1F-8091-D36C58662735} = {78137EF8-0169-3179-9F08-9C35942F29A6}
		{BFAF8B6D-E161-32EC-BE8F-AD555F4FC7DF} = {47A2814D-09D8-33DE-9C85-C22A6DCFCF46}
		{9C6CB334-4FB0-3B7F-BE97-E3825C8CB3FB} = {47A2814D-09D8-33DE-9C85-C22A6DCFCF46}
		{2A86D6CB-A7EA-3C36-B437-2EC882A5C26F} = {47A2814D-09D8-33DE-9C85-C22A6DCFCF46}
		{B8357A43-A3C8-33D7-A969-02D08575BC9F} = {47A2814D-09D8-33DE-9C85-C22A6DCFCF46}
		{C6BA9880-3603-32C9-9DE0-98D9AED05D21} = {47A2814D-09D8-33DE-9C85-C22A6DCFCF46}
		{9EBD6539-B9C0-35BD-B513-BC3349CC1D5A} = {47A2814D-09D8-33DE-9C85-C22A6DCFCF46}
	EndGlobalSection
	GlobalSection(ExtensibilityGlobals) = postSolution
		SolutionGuid = {CF56D8D1-ACB8-3814-9920-A3BDE2238A90}
	EndGlobalSection
	GlobalSection(ExtensibilityAddIns) = postSolution
	EndGlobalSection
EndGlobal
